
Microsoft Visual Studio Solution File, Format Version 12.00
Project("{FAE04EC0-301F-11D3-BF4B-00C04F79EFBC}") = "Multithreading", "Multithreading\Multithreading.csproj", "{84A2772B-F5AF-4336-BDC4-59FDEE49F06C}"
EndProject
Global
	GlobalSection(SolutionConfigurationPlatforms) = preSolution
		Debug|Any CPU = Debug|Any CPU
		Release|Any CPU = Release|Any CPU
	EndGlobalSection
	GlobalSection(ProjectConfigurationPlatforms) = postSolution
		{84A2772B-F5AF-4336-BDC4-59FDEE49F06C}.Debug|Any CPU.ActiveCfg = Debug|Any CPU
		{84A2772B-F5AF-4336-BDC4-59FDEE49F06C}.Debug|Any CPU.Build.0 = Debug|Any CPU
		{84A2772B-F5AF-4336-BDC4-59FDEE49F06C}.Release|Any CPU.ActiveCfg = Release|Any CPU
		{84A2772B-F5AF-4336-BDC4-59FDEE49F06C}.Release|Any CPU.Build.0 = Release|Any CPU
	EndGlobalSection
EndGlobal
